
Microsoft Visual Studio Solution File, Format Version 12.00
# Visual Studio 15
VisualStudioVersion = 15.0.27703.2047
MinimumVisualStudioVersion = 10.0.40219.1
Project("{FAE04EC0-301F-11D3-BF4B-00C04F79EFBC}") = "DataSetComparer", "DataSetComparer\DataSetComparer.csproj", "{567A7CD0-E680-4EC2-8613-75336682B333}"
EndProject
Project("{FAE04EC0-301F-11D3-BF4B-00C04F79EFBC}") = "DataSetComparer.Tests", "DataSetComparer.Tests\DataSetComparer.Tests.csproj", "{5D58D126-68DE-4F03-908C-FA12852EC562}"
EndProject
Global
	GlobalSection(SolutionConfigurationPlatforms) = preSolution
		Debug|Any CPU = Debug|Any CPU
		Release|Any CPU = Release|Any CPU
	EndGlobalSection
	GlobalSection(ProjectConfigurationPlatforms) = postSolution
		{567A7CD0-E680-4EC2-8613-75336682B333}.Debug|Any CPU.ActiveCfg = Debug|Any CPU
		{567A7CD0-E680-4EC2-8613-75336682B333}.Debug|Any CPU.Build.0 = Debug|Any CPU
		{567A7CD0-E680-4EC2-8613-75336682B333}.Release|Any CPU.ActiveCfg = Release|Any CPU
		{567A7CD0-E680-4EC2-8613-75336682B333}.Release|Any CPU.Build.0 = Release|Any CPU
		{5D58D126-68DE-4F03-908C-FA12852EC562}.Debug|Any CPU.ActiveCfg = Debug|Any CPU
		{5D58D126-68DE-4F03-908C-FA12852EC562}.Debug|Any CPU.Build.0 = Debug|Any CPU
		{5D58D126-68DE-4F03-908C-FA12852EC562}.Release|Any CPU.ActiveCfg = Release|Any CPU
		{5D58D126-68DE-4F03-908C-FA12852EC562}.Release|Any CPU.Build.0 = Release|Any CPU
	EndGlobalSection
	GlobalSection(SolutionProperties) = preSolution
		HideSolutionNode = FALSE
	EndGlobalSection
	GlobalSection(ExtensibilityGlobals) = postSolution
		SolutionGuid = {E597EDE3-65F1-4327-8337-95681288A1A0}
	EndGlobalSection
EndGlobal
